
Microsoft Visual Studio Solution File, Format Version 12.00
# Visual Studio 15
VisualStudioVersion = 15.0.28307.271
MinimumVisualStudioVersion = 10.0.40219.1
Project("{FAE04EC0-301F-11D3-BF4B-00C04F79EFBC}") = "testWersjonowania", "testWersjonowania\testWersjonowania.csproj", "{529468CE-AEB9-4AC3-9078-AD0A668504BA}"
EndProject
Global
	GlobalSection(SolutionConfigurationPlatforms) = preSolution
		Debug|Any CPU = Debug|Any CPU
		Release|Any CPU = Release|Any CPU
	EndGlobalSection
	GlobalSection(ProjectConfigurationPlatforms) = postSolution
		{529468CE-AEB9-4AC3-9078-AD0A668504BA}.Debug|Any CPU.ActiveCfg = Debug|Any CPU
		{529468CE-AEB9-4AC3-9078-AD0A668504BA}.Debug|Any CPU.Build.0 = Debug|Any CPU
		{529468CE-AEB9-4AC3-9078-AD0A668504BA}.Release|Any CPU.ActiveCfg = Release|Any CPU
		{529468CE-AEB9-4AC3-9078-AD0A668504BA}.Release|Any CPU.Build.0 = Release|Any CPU
	EndGlobalSection
	GlobalSection(SolutionProperties) = preSolution
		HideSolutionNode = FALSE
	EndGlobalSection
	GlobalSection(ExtensibilityGlobals) = postSolution
		SolutionGuid = {08D1C7B4-AAF7-4B46-A091-853DB39CB8B6}
	EndGlobalSection
EndGlobal
